
Microsoft Visual Studio Solution File, Format Version 12.00
# Visual Studio Version 17
VisualStudioVersion = 17.0.31903.59
MinimumVisualStudioVersion = 10.0.40219.1
Project("{2150E333-8FDC-42A3-9474-1A3956D46DE8}") = "src", "src", "{827E0CD3-B72D-47B6-A68D-7590B98EB39B}"
EndProject
Project("{FAE04EC0-301F-11D3-BF4B-00C04F79EFBC}") = "Beagl.Application", "src\Beagl.Application\Beagl.Application.csproj", "{319B64BB-089C-4D03-AD9F-F55CBF4DD6EA}"
EndProject
Project("{FAE04EC0-301F-11D3-BF4B-00C04F79EFBC}") = "Beagl.Domain", "src\Beagl.Domain\Beagl.Domain.csproj", "{83F0EA62-CFEE-43CA-BF37-ACC3046035A6}"
EndProject
Project("{FAE04EC0-301F-11D3-BF4B-00C04F79EFBC}") = "Beagl.Infrastructure", "src\Beagl.Infrastructure\Beagl.Infrastructure.csproj", "{49D897C8-F24B-4E5A-9D05-FEA9185317AE}"
EndProject
Project("{FAE04EC0-301F-11D3-BF4B-00C04F79EFBC}") = "Beagl.WebApp", "src\Beagl.WebApp\Beagl.WebApp.csproj", "{C5151D43-E8F2-4DDC-86A5-928B372BB72C}"
EndProject
Project("{2150E333-8FDC-42A3-9474-1A3956D46DE8}") = "tests", "tests", "{0AB3BF05-4346-4AA6-1389-037BE0695223}"
EndProject
Project("{FAE04EC0-301F-11D3-BF4B-00C04F79EFBC}") = "Beagl.Domain.Tests", "tests\Beagl.Domain.Tests\Beagl.Domain.Tests.csproj", "{7AD933B2-37D0-4FB2-933E-6875F59D1AE7}"
EndProject
Project("{FAE04EC0-301F-11D3-BF4B-00C04F79EFBC}") = "Beagl.Application.Tests", "tests\Beagl.Application.Tests\Beagl.Application.Tests.csproj", "{5CD9A0F4-C9C8-450F-8AEF-0D3AE5F34BDF}"
EndProject
Project("{FAE04EC0-301F-11D3-BF4B-00C04F79EFBC}") = "Beagl.Infrastructure.Tests", "tests\Beagl.Infrastructure.Tests\Beagl.Infrastructure.Tests.csproj", "{73AAFBC5-3A92-4EBA-B0BB-A0EC69D780EF}"
EndProject
Project("{FAE04EC0-301F-11D3-BF4B-00C04F79EFBC}") = "Beagl.WebApp.Tests", "tests\Beagl.WebApp.Tests\Beagl.WebApp.Tests.csproj", "{7098AD0C-7271-4B45-BAAA-707147D04C8C}"
EndProject
Project("{2150E333-8FDC-42A3-9474-1A3956D46DE8}") = "aspire", "aspire", "{64880D93-BAB4-FF83-898C-B934B68C31A9}"
EndProject
Project("{FAE04EC0-301F-11D3-BF4B-00C04F79EFBC}") = "Beagl.AppHost", "aspire\Beagl.AppHost\Beagl.AppHost.csproj", "{A070C896-34A1-4421-BD91-3F4B82A05794}"
EndProject
Project("{FAE04EC0-301F-11D3-BF4B-00C04F79EFBC}") = "Beagl.ServiceDefaults", "aspire\Beagl.ServiceDefaults\Beagl.ServiceDefaults.csproj", "{6BCFBFBB-E1AA-4335-827C-8810C7AF759F}"
EndProject
Global
	GlobalSection(SolutionConfigurationPlatforms) = preSolution
		Debug|Any CPU = Debug|Any CPU
		Debug|x64 = Debug|x64
		Debug|x86 = Debug|x86
		Release|Any CPU = Release|Any CPU
		Release|x64 = Release|x64
		Release|x86 = Release|x86
	EndGlobalSection
	GlobalSection(ProjectConfigurationPlatforms) = postSolution
		{319B64BB-089C-4D03-AD9F-F55CBF4DD6EA}.Debug|Any CPU.ActiveCfg = Debug|Any CPU
		{319B64BB-089C-4D03-AD9F-F55CBF4DD6EA}.Debug|Any CPU.Build.0 = Debug|Any CPU
		{319B64BB-089C-4D03-AD9F-F55CBF4DD6EA}.Debug|x64.ActiveCfg = Debug|Any CPU
		{319B64BB-089C-4D03-AD9F-F55CBF4DD6EA}.Debug|x64.Build.0 = Debug|Any CPU
		{319B64BB-089C-4D03-AD9F-F55CBF4DD6EA}.Debug|x86.ActiveCfg = Debug|Any CPU
		{319B64BB-089C-4D03-AD9F-F55CBF4DD6EA}.Debug|x86.Build.0 = Debug|Any CPU
		{319B64BB-089C-4D03-AD9F-F55CBF4DD6EA}.Release|Any CPU.ActiveCfg = Release|Any CPU
		{319B64BB-089C-4D03-AD9F-F55CBF4DD6EA}.Release|Any CPU.Build.0 = Release|Any CPU
		{319B64BB-089C-4D03-AD9F-F55CBF4DD6EA}.Release|x64.ActiveCfg = Release|Any CPU
		{319B64BB-089C-4D03-AD9F-F55CBF4DD6EA}.Release|x64.Build.0 = Release|Any CPU
		{319B64BB-089C-4D03-AD9F-F55CBF4DD6EA}.Release|x86.ActiveCfg = Release|Any CPU
		{319B64BB-089C-4D03-AD9F-F55CBF4DD6EA}.Release|x86.Build.0 = Release|Any CPU
		{83F0EA62-CFEE-43CA-BF37-ACC3046035A6}.Debug|Any CPU.ActiveCfg = Debug|Any CPU
		{83F0EA62-CFEE-43CA-BF37-ACC3046035A6}.Debug|Any CPU.Build.0 = Debug|Any CPU
		{83F0EA62-CFEE-43CA-BF37-ACC3046035A6}.Debug|x64.ActiveCfg = Debug|Any CPU
		{83F0EA62-CFEE-43CA-BF37-ACC3046035A6}.Debug|x64.Build.0 = Debug|Any CPU
		{83F0EA62-CFEE-43CA-BF37-ACC3046035A6}.Debug|x86.ActiveCfg = Debug|Any CPU
		{83F0EA62-CFEE-43CA-BF37-ACC3046035A6}.Debug|x86.Build.0 = Debug|Any CPU
		{83F0EA62-CFEE-43CA-BF37-ACC3046035A6}.Release|Any CPU.ActiveCfg = Release|Any CPU
		{83F0EA62-CFEE-43CA-BF37-ACC3046035A6}.Release|Any CPU.Build.0 = Release|Any CPU
		{83F0EA62-CFEE-43CA-BF37-ACC3046035A6}.Release|x64.ActiveCfg = Release|Any CPU
		{83F0EA62-CFEE-43CA-BF37-ACC3046035A6}.Release|x64.Build.0 = Release|Any CPU
		{83F0EA62-CFEE-43CA-BF37-ACC3046035A6}.Release|x86.ActiveCfg = Release|Any CPU
		{83F0EA62-CFEE-43CA-BF37-ACC3046035A6}.Release|x86.Build.0 = Release|Any CPU
		{49D897C8-F24B-4E5A-9D05-FEA9185317AE}.Debug|Any CPU.ActiveCfg = Debug|Any CPU
		{49D897C8-F24B-4E5A-9D05-FEA9185317AE}.Debug|Any CPU.Build.0 = Debug|Any CPU
		{49D897C8-F24B-4E5A-9D05-FEA9185317AE}.Debug|x64.ActiveCfg = Debug|Any CPU
		{49D897C8-F24B-4E5A-9D05-FEA9185317AE}.Debug|x64.Build.0 = Debug|Any CPU
		{49D897C8-F24B-4E5A-9D05-FEA9185317AE}.Debug|x86.ActiveCfg = Debug|Any CPU
		{49D897C8-F24B-4E5A-9D05-FEA9185317AE}.Debug|x86.Build.0 = Debug|Any CPU
		{49D897C8-F24B-4E5A-9D05-FEA9185317AE}.Release|Any CPU.ActiveCfg = Release|Any CPU
		{49D897C8-F24B-4E5A-9D05-FEA9185317AE}.Release|Any CPU.Build.0 = Release|Any CPU
		{49D897C8-F24B-4E5A-9D05-FEA9185317AE}.Release|x64.ActiveCfg = Release|Any CPU
		{49D897C8-F24B-4E5A-9D05-FEA9185317AE}.Release|x64.Build.0 = Release|Any CPU
		{49D897C8-F24B-4E5A-9D05-FEA9185317AE}.Release|x86.ActiveCfg = Release|Any CPU
		{49D897C8-F24B-4E5A-9D05-FEA9185317AE}.Release|x86.Build.0 = Release|Any CPU
		{C5151D43-E8F2-4DDC-86A5-928B372BB72C}.Debug|Any CPU.ActiveCfg = Debug|Any CPU
		{C5151D43-E8F2-4DDC-86A5-928B372BB72C}.Debug|Any CPU.Build.0 = Debug|Any CPU
		{C5151D43-E8F2-4DDC-86A5-928B372BB72C}.Debug|x64.ActiveCfg = Debug|Any CPU
		{C5151D43-E8F2-4DDC-86A5-928B372BB72C}.Debug|x64.Build.0 = Debug|Any CPU
		{C5151D43-E8F2-4DDC-86A5-928B372BB72C}.Debug|x86.ActiveCfg = Debug|Any CPU
		{C5151D43-E8F2-4DDC-86A5-928B372BB72C}.Debug|x86.Build.0 = Debug|Any CPU
		{C5151D43-E8F2-4DDC-86A5-928B372BB72C}.Release|Any CPU.ActiveCfg = Release|Any CPU
		{C5151D43-E8F2-4DDC-86A5-928B372BB72C}.Release|Any CPU.Build.0 = Release|Any CPU
		{C5151D43-E8F2-4DDC-86A5-928B372BB72C}.Release|x64.ActiveCfg = Release|Any CPU
		{C5151D43-E8F2-4DDC-86A5-928B372BB72C}.Release|x64.Build.0 = Release|Any CPU
		{C5151D43-E8F2-4DDC-86A5-928B372BB72C}.Release|x86.ActiveCfg = Release|Any CPU
		{C5151D43-E8F2-4DDC-86A5-928B372BB72C}.Release|x86.Build.0 = Release|Any CPU
		{7AD933B2-37D0-4FB2-933E-6875F59D1AE7}.Debug|Any CPU.ActiveCfg = Debug|Any CPU
		{7AD933B2-37D0-4FB2-933E-6875F59D1AE7}.Debug|Any CPU.Build.0 = Debug|Any CPU
		{7AD933B2-37D0-4FB2-933E-6875F59D1AE7}.Debug|x64.ActiveCfg = Debug|Any CPU
		{7AD933B2-37D0-4FB2-933E-6875F59D1AE7}.Debug|x64.Build.0 = Debug|Any CPU
		{7AD933B2-37D0-4FB2-933E-6875F59D1AE7}.Debug|x86.ActiveCfg = Debug|Any CPU
		{7AD933B2-37D0-4FB2-933E-6875F59D1AE7}.Debug|x86.Build.0 = Debug|Any CPU
		{7AD933B2-37D0-4FB2-933E-6875F59D1AE7}.Release|Any CPU.ActiveCfg = Release|Any CPU
		{7AD933B2-37D0-4FB2-933E-6875F59D1AE7}.Release|Any CPU.Build.0 = Release|Any CPU
		{7AD933B2-37D0-4FB2-933E-6875F59D1AE7}.Release|x64.ActiveCfg = Release|Any CPU
		{7AD933B2-37D0-4FB2-933E-6875F59D1AE7}.Release|x64.Build.0 = Release|Any CPU
		{7AD933B2-37D0-4FB2-933E-6875F59D1AE7}.Release|x86.ActiveCfg = Release|Any CPU
		{7AD933B2-37D0-4FB2-933E-6875F59D1AE7}.Release|x86.Build.0 = Release|Any CPU
		{5CD9A0F4-C9C8-450F-8AEF-0D3AE5F34BDF}.Debug|Any CPU.ActiveCfg = Debug|Any CPU
		{5CD9A0F4-C9C8-450F-8AEF-0D3AE5F34BDF}.Debug|Any CPU.Build.0 = Debug|Any CPU
		{5CD9A0F4-C9C8-450F-8AEF-0D3AE5F34BDF}.Debug|x64.ActiveCfg = Debug|Any CPU
		{5CD9A0F4-C9C8-450F-8AEF-0D3AE5F34BDF}.Debug|x64.Build.0 = Debug|Any CPU
		{5CD9A0F4-C9C8-450F-8AEF-0D3AE5F34BDF}.Debug|x86.ActiveCfg = Debug|Any CPU
		{5CD9A0F4-C9C8-450F-8AEF-0D3AE5F34BDF}.Debug|x86.Build.0 = Debug|Any CPU
		{5CD9A0F4-C9C8-450F-8AEF-0D3AE5F34BDF}.Release|Any CPU.ActiveCfg = Release|Any CPU
		{5CD9A0F4-C9C8-450F-8AEF-0D3AE5F34BDF}.Release|Any CPU.Build.0 = Release|Any CPU
		{5CD9A0F4-C9C8-450F-8AEF-0D3AE5F34BDF}.Release|x64.ActiveCfg = Release|Any CPU
		{5CD9A0F4-C9C8-450F-8AEF-0D3AE5F34BDF}.Release|x64.Build.0 = Release|Any CPU
		{5CD9A0F4-C9C8-450F-8AEF-0D3AE5F34BDF}.Release|x86.ActiveCfg = Release|Any CPU
		{5CD9A0F4-C9C8-450F-8AEF-0D3AE5F34BDF}.Release|x86.Build.0 = Release|Any CPU
		{73AAFBC5-3A92-4EBA-B0BB-A0EC69D780EF}.Debug|Any CPU.ActiveCfg = Debug|Any CPU
		{73AAFBC5-3A92-4EBA-B0BB-A0EC69D780EF}.Debug|Any CPU.Build.0 = Debug|Any CPU
		{73AAFBC5-3A92-4EBA-B0BB-A0EC69D780EF}.Debug|x64.ActiveCfg = Debug|Any CPU
		{73AAFBC5-3A92-4EBA-B0BB-A0EC69D780EF}.Debug|x64.Build.0 = Debug|Any CPU
		{73AAFBC5-3A92-4EBA-B0BB-A0EC69D780EF}.Debug|x86.ActiveCfg = Debug|Any CPU
		{73AAFBC5-3A92-4EBA-B0BB-A0EC69D780EF}.Debug|x86.Build.0 = Debug|Any CPU
		{73AAFBC5-3A92-4EBA-B0BB-A0EC69D780EF}.Release|Any CPU.ActiveCfg = Release|Any CPU
		{73AAFBC5-3A92-4EBA-B0BB-A0EC69D780EF}.Release|Any CPU.Build.0 = Release|Any CPU
		{73AAFBC5-3A92-4EBA-B0BB-A0EC69D780EF}.Release|x64.ActiveCfg = Release|Any CPU
		{73AAFBC5-3A92-4EBA-B0BB-A0EC69D780EF}.Release|x64.Build.0 = Release|Any CPU
		{73AAFBC5-3A92-4EBA-B0BB-A0EC69D780EF}.Release|x86.ActiveCfg = Release|Any CPU
		{73AAFBC5-3A92-4EBA-B0BB-A0EC69D780EF}.Release|x86.Build.0 = Release|Any CPU
		{7098AD0C-7271-4B45-BAAA-707147D04C8C}.Debug|Any CPU.ActiveCfg = Debug|Any CPU
		{7098AD0C-7271-4B45-BAAA-707147D04C8C}.Debug|Any CPU.Build.0 = Debug|Any CPU
		{7098AD0C-7271-4B45-BAAA-707147D04C8C}.Debug|x64.ActiveCfg = Debug|Any CPU
		{7098AD0C-7271-4B45-BAAA-707147D04C8C}.Debug|x64.Build.0 = Debug|Any CPU
		{7098AD0C-7271-4B45-BAAA-707147D04C8C}.Debug|x86.ActiveCfg = Debug|Any CPU
		{7098AD0C-7271-4B45-BAAA-707147D04C8C}.Debug|x86.Build.0 = Debug|Any CPU
		{7098AD0C-7271-4B45-BAAA-707147D04C8C}.Release|Any CPU.ActiveCfg = Release|Any CPU
		{7098AD0C-7271-4B45-BAAA-707147D04C8C}.Release|Any CPU.Build.0 = Release|Any CPU
		{7098AD0C-7271-4B45-BAAA-707147D04C8C}.Release|x64.ActiveCfg = Release|Any CPU
		{7098AD0C-7271-4B45-BAAA-707147D04C8C}.Release|x64.Build.0 = Release|Any CPU
		{7098AD0C-7271-4B45-BAAA-707147D04C8C}.Release|x86.ActiveCfg = Release|Any CPU
		{7098AD0C-7271-4B45-BAAA-707147D04C8C}.Release|x86.Build.0 = Release|Any CPU
		{A070C896-34A1-4421-BD91-3F4B82A05794}.Debug|Any CPU.ActiveCfg = Debug|Any CPU
		{A070C896-34A1-4421-BD91-3F4B82A05794}.Debug|Any CPU.Build.0 = Debug|Any CPU
		{A070C896-34A1-4421-BD91-3F4B82A05794}.Debug|x64.ActiveCfg = Debug|Any CPU
		{A070C896-34A1-4421-BD91-3F4B82A05794}.Debug|x64.Build.0 = Debug|Any CPU
		{A070C896-34A1-4421-BD91-3F4B82A05794}.Debug|x86.ActiveCfg = Debug|Any CPU
		{A070C896-34A1-4421-BD91-3F4B82A05794}.Debug|x86.Build.0 = Debug|Any CPU
		{A070C896-34A1-4421-BD91-3F4B82A05794}.Release|Any CPU.ActiveCfg = Release|Any CPU
		{A070C896-34A1-4421-BD91-3F4B82A05794}.Release|Any CPU.Build.0 = Release|Any CPU
		{A070C896-34A1-4421-BD91-3F4B82A05794}.Release|x64.ActiveCfg = Release|Any CPU
		{A070C896-34A1-4421-BD91-3F4B82A05794}.Release|x64.Build.0 = Release|Any CPU
		{A070C896-34A1-4421-BD91-3F4B82A05794}.Release|x86.ActiveCfg = Release|Any CPU
		{A070C896-34A1-4421-BD91-3F4B82A05794}.Release|x86.Build.0 = Release|Any CPU
		{6BCFBFBB-E1AA-4335-827C-8810C7AF759F}.Debug|Any CPU.ActiveCfg = Debug|Any CPU
		{6BCFBFBB-E1AA-4335-827C-8810C7AF759F}.Debug|Any CPU.Build.0 = Debug|Any CPU
		{6BCFBFBB-E1AA-4335-827C-8810C7AF759F}.Debug|x64.ActiveCfg = Debug|Any CPU
		{6BCFBFBB-E1AA-4335-827C-8810C7AF759F}.Debug|x64.Build.0 = Debug|Any CPU
		{6BCFBFBB-E1AA-4335-827C-8810C7AF759F}.Debug|x86.ActiveCfg = Debug|Any CPU
		{6BCFBFBB-E1AA-4335-827C-8810C7AF759F}.Debug|x86.Build.0 = Debug|Any CPU
		{6BCFBFBB-E1AA-4335-827C-8810C7AF759F}.Release|Any CPU.ActiveCfg = Release|Any CPU
		{6BCFBFBB-E1AA-4335-827C-8810C7AF759F}.Release|Any CPU.Build.0 = Release|Any CPU
		{6BCFBFBB-E1AA-4335-827C-8810C7AF759F}.Release|x64.ActiveCfg = Release|Any CPU
		{6BCFBFBB-E1AA-4335-827C-8810C7AF759F}.Release|x64.Build.0 = Release|Any CPU
		{6BCFBFBB-E1AA-4335-827C-8810C7AF759F}.Release|x86.ActiveCfg = Release|Any CPU
		{6BCFBFBB-E1AA-4335-827C-8810C7AF759F}.Release|x86.Build.0 = Release|Any CPU
	EndGlobalSection
	GlobalSection(SolutionProperties) = preSolution
		HideSolutionNode = FALSE
	EndGlobalSection
	GlobalSection(NestedProjects) = preSolution
		{319B64BB-089C-4D03-AD9F-F55CBF4DD6EA} = {827E0CD3-B72D-47B6-A68D-7590B98EB39B}
		{83F0EA62-CFEE-43CA-BF37-ACC3046035A6} = {827E0CD3-B72D-47B6-A68D-7590B98EB39B}
		{49D897C8-F24B-4E5A-9D05-FEA9185317AE} = {827E0CD3-B72D-47B6-A68D-7590B98EB39B}
		{C5151D43-E8F2-4DDC-86A5-928B372BB72C} = {827E0CD3-B72D-47B6-A68D-7590B98EB39B}
		{7AD933B2-37D0-4FB2-933E-6875F59D1AE7} = {0AB3BF05-4346-4AA6-1389-037BE0695223}
		{5CD9A0F4-C9C8-450F-8AEF-0D3AE5F34BDF} = {0AB3BF05-4346-4AA6-1389-037BE0695223}
		{73AAFBC5-3A92-4EBA-B0BB-A0EC69D780EF} = {0AB3BF05-4346-4AA6-1389-037BE0695223}
		{7098AD0C-7271-4B45-BAAA-707147D04C8C} = {0AB3BF05-4346-4AA6-1389-037BE0695223}
		{A070C896-34A1-4421-BD91-3F4B82A05794} = {64880D93-BAB4-FF83-898C-B934B68C31A9}
		{6BCFBFBB-E1AA-4335-827C-8810C7AF759F} = {64880D93-BAB4-FF83-898C-B934B68C31A9}
	EndGlobalSection
EndGlobal
